// !$*UTF8*$!
{
	archiveVersion = 1;
	classes = {
	};
	objectVersion = 55;
	objects = {

/* Begin PBXBuildFile section */
		9162ED3F27280E68005E0390 /* Monterey_AX_UITests_apiDisabledApp.swift in Sources */ = {isa = PBXBuildFile; fileRef = 9162ED3E27280E68005E0390 /* Monterey_AX_UITests_apiDisabledApp.swift */; };
		9162ED4127280E68005E0390 /* ContentView.swift in Sources */ = {isa = PBXBuildFile; fileRef = 9162ED4027280E68005E0390 /* ContentView.swift */; };
		9162ED4327280E69005E0390 /* Assets.xcassets in Resources */ = {isa = PBXBuildFile; fileRef = 9162ED4227280E69005E0390 /* Assets.xcassets */; };
		9162ED4627280E69005E0390 /* Preview Assets.xcassets in Resources */ = {isa = PBXBuildFile; fileRef = 9162ED4527280E69005E0390 /* Preview Assets.xcassets */; };
		9162ED5127280E69005E0390 /* Monterey_AX_UITests_apiDisabledTests.swift in Sources */ = {isa = PBXBuildFile; fileRef = 9162ED5027280E69005E0390 /* Monterey_AX_UITests_apiDisabledTests.swift */; };
		9162ED5B27280E69005E0390 /* Monterey_AX_UITests_apiDisabledUITests.swift in Sources */ = {isa = PBXBuildFile; fileRef = 9162ED5A27280E69005E0390 /* Monterey_AX_UITests_apiDisabledUITests.swift */; };
		9162ED5D27280E69005E0390 /* Monterey_AX_UITests_apiDisabledUITestsLaunchTests.swift in Sources */ = {isa = PBXBuildFile; fileRef = 9162ED5C27280E69005E0390 /* Monterey_AX_UITests_apiDisabledUITestsLaunchTests.swift */; };
/* End PBXBuildFile section */

/* Begin PBXContainerItemProxy section */
		9162ED4D27280E69005E0390 /* PBXContainerItemProxy */ = {
			isa = PBXContainerItemProxy;
			containerPortal = 9162ED3327280E67005E0390 /* Project object */;
			proxyType = 1;
			remoteGlobalIDString = 9162ED3A27280E68005E0390;
			remoteInfo = "Monterey-AX-UITests-apiDisabled";
		};
		9162ED5727280E69005E0390 /* PBXContainerItemProxy */ = {
			isa = PBXContainerItemProxy;
			containerPortal = 9162ED3327280E67005E0390 /* Project object */;
			proxyType = 1;
			remoteGlobalIDString = 9162ED3A27280E68005E0390;
			remoteInfo = "Monterey-AX-UITests-apiDisabled";
		};
/* End PBXContainerItemProxy section */

/* Begin PBXFileReference section */
		9162ED3B27280E68005E0390 /* Monterey-AX-UITests-apiDisabled.app */ = {isa = PBXFileReference; explicitFileType = wrapper.application; includeInIndex = 0; path = "Monterey-AX-UITests-apiDisabled.app"; sourceTree = BUILT_PRODUCTS_DIR; };
		9162ED3E27280E68005E0390 /* Monterey_AX_UITests_apiDisabledApp.swift */ = {isa = PBXFileReference; lastKnownFileType = sourcecode.swift; path = Monterey_AX_UITests_apiDisabledApp.swift; sourceTree = "<group>"; };
		9162ED4027280E68005E0390 /* ContentView.swift */ = {isa = PBXFileReference; lastKnownFileType = sourcecode.swift; path = ContentView.swift; sourceTree = "<group>"; };
		9162ED4227280E69005E0390 /* Assets.xcassets */ = {isa = PBXFileReference; lastKnownFileType = folder.assetcatalog; path = Assets.xcassets; sourceTree = "<group>"; };
		9162ED4527280E69005E0390 /* Preview Assets.xcassets */ = {isa = PBXFileReference; lastKnownFileType = folder.assetcatalog; path = "Preview Assets.xcassets"; sourceTree = "<group>"; };
		9162ED4727280E69005E0390 /* Monterey_AX_UITests_apiDisabled.entitlements */ = {isa = PBXFileReference; lastKnownFileType = text.plist.entitlements; path = Monterey_AX_UITests_apiDisabled.entitlements; sourceTree = "<group>"; };
		9162ED4C27280E69005E0390 /* Monterey-AX-UITests-apiDisabledTests.xctest */ = {isa = PBXFileReference; explicitFileType = wrapper.cfbundle; includeInIndex = 0; path = "Monterey-AX-UITests-apiDisabledTests.xctest"; sourceTree = BUILT_PRODUCTS_DIR; };
		9162ED5027280E69005E0390 /* Monterey_AX_UITests_apiDisabledTests.swift */ = {isa = PBXFileReference; lastKnownFileType = sourcecode.swift; path = Monterey_AX_UITests_apiDisabledTests.swift; sourceTree = "<group>"; };
		9162ED5627280E69005E0390 /* Monterey-AX-UITests-apiDisabledUITests.xctest */ = {isa = PBXFileReference; explicitFileType = wrapper.cfbundle; includeInIndex = 0; path = "Monterey-AX-UITests-apiDisabledUITests.xctest"; sourceTree = BUILT_PRODUCTS_DIR; };
		9162ED5A27280E69005E0390 /* Monterey_AX_UITests_apiDisabledUITests.swift */ = {isa = PBXFileReference; lastKnownFileType = sourcecode.swift; path = Monterey_AX_UITests_apiDisabledUITests.swift; sourceTree = "<group>"; };
		9162ED5C27280E69005E0390 /* Monterey_AX_UITests_apiDisabledUITestsLaunchTests.swift */ = {isa = PBXFileReference; lastKnownFileType = sourcecode.swift; path = Monterey_AX_UITests_apiDisabledUITestsLaunchTests.swift; sourceTree = "<group>"; };
/* End PBXFileReference section */

/* Begin PBXFrameworksBuildPhase section */
		9162ED3827280E68005E0390 /* Frameworks */ = {
			isa = PBXFrameworksBuildPhase;
			buildActionMask = 2147483647;
			files = (
			);
			runOnlyForDeploymentPostprocessing = 0;
		};
		9162ED4927280E69005E0390 /* Frameworks */ = {
			isa = PBXFrameworksBuildPhase;
			buildActionMask = 2147483647;
			files = (
			);
			runOnlyForDeploymentPostprocessing = 0;
		};
		9162ED5327280E69005E0390 /* Frameworks */ = {
			isa = PBXFrameworksBuildPhase;
			buildActionMask = 2147483647;
			files = (
			);
			runOnlyForDeploymentPostprocessing = 0;
		};
/* End PBXFrameworksBuildPhase section */

/* Begin PBXGroup section */
		9162ED3227280E67005E0390 = {
			isa = PBXGroup;
			children = (
				9162ED3D27280E68005E0390 /* Monterey-AX-UITests-apiDisabled */,
				9162ED4F27280E69005E0390 /* Monterey-AX-UITests-apiDisabledTests */,
				9162ED5927280E69005E0390 /* Monterey-AX-UITests-apiDisabledUITests */,
				9162ED3C27280E68005E0390 /* Products */,
			);
			sourceTree = "<group>";
		};
		9162ED3C27280E68005E0390 /* Products */ = {
			isa = PBXGroup;
			children = (
				9162ED3B27280E68005E0390 /* Monterey-AX-UITests-apiDisabled.app */,
				9162ED4C27280E69005E0390 /* Monterey-AX-UITests-apiDisabledTests.xctest */,
				9162ED5627280E69005E0390 /* Monterey-AX-UITests-apiDisabledUITests.xctest */,
			);
			name = Products;
			sourceTree = "<group>";
		};
		9162ED3D27280E68005E0390 /* Monterey-AX-UITests-apiDisabled */ = {
			isa = PBXGroup;
			children = (
				9162ED3E27280E68005E0390 /* Monterey_AX_UITests_apiDisabledApp.swift */,
				9162ED4027280E68005E0390 /* ContentView.swift */,
				9162ED4227280E69005E0390 /* Assets.xcassets */,
				9162ED4727280E69005E0390 /* Monterey_AX_UITests_apiDisabled.entitlements */,
				9162ED4427280E69005E0390 /* Preview Content */,
			);
			path = "Monterey-AX-UITests-apiDisabled";
			sourceTree = "<group>";
		};
		9162ED4427280E69005E0390 /* Preview Content */ = {
			isa = PBXGroup;
			children = (
				9162ED4527280E69005E0390 /* Preview Assets.xcassets */,
			);
			path = "Preview Content";
			sourceTree = "<group>";
		};
		9162ED4F27280E69005E0390 /* Monterey-AX-UITests-apiDisabledTests */ = {
			isa = PBXGroup;
			children = (
				9162ED5027280E69005E0390 /* Monterey_AX_UITests_apiDisabledTests.swift */,
			);
			path = "Monterey-AX-UITests-apiDisabledTests";
			sourceTree = "<group>";
		};
		9162ED5927280E69005E0390 /* Monterey-AX-UITests-apiDisabledUITests */ = {
			isa = PBXGroup;
			children = (
				9162ED5A27280E69005E0390 /* Monterey_AX_UITests_apiDisabledUITests.swift */,
				9162ED5C27280E69005E0390 /* Monterey_AX_UITests_apiDisabledUITestsLaunchTests.swift */,
			);
			path = "Monterey-AX-UITests-apiDisabledUITests";
			sourceTree = "<group>";
		};
/* End PBXGroup section */

/* Begin PBXNativeTarget section */
		9162ED3A27280E68005E0390 /* Monterey-AX-UITests-apiDisabled */ = {
			isa = PBXNativeTarget;
			buildConfigurationList = 9162ED6027280E69005E0390 /* Build configuration list for PBXNativeTarget "Monterey-AX-UITests-apiDisabled" */;
			buildPhases = (
				9162ED3727280E68005E0390 /* Sources */,
				9162ED3827280E68005E0390 /* Frameworks */,
				9162ED3927280E68005E0390 /* Resources */,
			);
			buildRules = (
			);
			dependencies = (
			);
			name = "Monterey-AX-UITests-apiDisabled";
			productName = "Monterey-AX-UITests-apiDisabled";
			productReference = 9162ED3B27280E68005E0390 /* Monterey-AX-UITests-apiDisabled.app */;
			productType = "com.apple.product-type.application";
		};
		9162ED4B27280E69005E0390 /* Monterey-AX-UITests-apiDisabledTests */ = {
			isa = PBXNativeTarget;
			buildConfigurationList = 9162ED6327280E69005E0390 /* Build configuration list for PBXNativeTarget "Monterey-AX-UITests-apiDisabledTests" */;
			buildPhases = (
				9162ED4827280E69005E0390 /* Sources */,
				9162ED4927280E69005E0390 /* Frameworks */,
				9162ED4A27280E69005E0390 /* Resources */,
			);
			buildRules = (
			);
			dependencies = (
				9162ED4E27280E69005E0390 /* PBXTargetDependency */,
			);
			name = "Monterey-AX-UITests-apiDisabledTests";
			productName = "Monterey-AX-UITests-apiDisabledTests";
			productReference = 9162ED4C27280E69005E0390 /* Monterey-AX-UITests-apiDisabledTests.xctest */;
			productType = "com.apple.product-type.bundle.unit-test";
		};
		9162ED5527280E69005E0390 /* Monterey-AX-UITests-apiDisabledUITests */ = {
			isa = PBXNativeTarget;
			buildConfigurationList = 9162ED6627280E69005E0390 /* Build configuration list for PBXNativeTarget "Monterey-AX-UITests-apiDisabledUITests" */;
			buildPhases = (
				9162ED5227280E69005E0390 /* Sources */,
				9162ED5327280E69005E0390 /* Frameworks */,
				9162ED5427280E69005E0390 /* Resources */,
			);
			buildRules = (
			);
			dependencies = (
				9162ED5827280E69005E0390 /* PBXTargetDependency */,
			);
			name = "Monterey-AX-UITests-apiDisabledUITests";
			productName = "Monterey-AX-UITests-apiDisabledUITests";
			productReference = 9162ED5627280E69005E0390 /* Monterey-AX-UITests-apiDisabledUITests.xctest */;
			productType = "com.apple.product-type.bundle.ui-testing";
		};
/* End PBXNativeTarget section */

/* Begin PBXProject section */
		9162ED3327280E67005E0390 /* Project object */ = {
			isa = PBXProject;
			attributes = {
				BuildIndependentTargetsInParallel = 1;
				LastSwiftUpdateCheck = 1300;
				LastUpgradeCheck = 1300;
				TargetAttributes = {
					9162ED3A27280E68005E0390 = {
						CreatedOnToolsVersion = 13.0;
					};
					9162ED4B27280E69005E0390 = {
						CreatedOnToolsVersion = 13.0;
						TestTargetID = 9162ED3A27280E68005E0390;
					};
					9162ED5527280E69005E0390 = {
						CreatedOnToolsVersion = 13.0;
						TestTargetID = 9162ED3A27280E68005E0390;
					};
				};
			};
			buildConfigurationList = 9162ED3627280E67005E0390 /* Build configuration list for PBXProject "Monterey-AX-UITests-apiDisabled" */;
			compatibilityVersion = "Xcode 13.0";
			developmentRegion = en;
			hasScannedForEncodings = 0;
			knownRegions = (
				en,
				Base,
			);
			mainGroup = 9162ED3227280E67005E0390;
			productRefGroup = 9162ED3C27280E68005E0390 /* Products */;
			projectDirPath = "";
			projectRoot = "";
			targets = (
				9162ED3A27280E68005E0390 /* Monterey-AX-UITests-apiDisabled */,
				9162ED4B27280E69005E0390 /* Monterey-AX-UITests-apiDisabledTests */,
				9162ED5527280E69005E0390 /* Monterey-AX-UITests-apiDisabledUITests */,
			);
		};
/* End PBXProject section */

/* Begin PBXResourcesBuildPhase section */
		9162ED3927280E68005E0390 /* Resources */ = {
			isa = PBXResourcesBuildPhase;
			buildActionMask = 2147483647;
			files = (
				9162ED4627280E69005E0390 /* Preview Assets.xcassets in Resources */,
				9162ED4327280E69005E0390 /* Assets.xcassets in Resources */,
			);
			runOnlyForDeploymentPostprocessing = 0;
		};
		9162ED4A27280E69005E0390 /* Resources */ = {
			isa = PBXResourcesBuildPhase;
			buildActionMask = 2147483647;
			files = (
			);
			runOnlyForDeploymentPostprocessing = 0;
		};
		9162ED5427280E69005E0390 /* Resources */ = {
			isa = PBXResourcesBuildPhase;
			buildActionMask = 2147483647;
			files = (
			);
			runOnlyForDeploymentPostprocessing = 0;
		};
/* End PBXResourcesBuildPhase section */

/* Begin PBXSourcesBuildPhase section */
		9162ED3727280E68005E0390 /* Sources */ = {
			isa = PBXSourcesBuildPhase;
			buildActionMask = 2147483647;
			files = (
				9162ED4127280E68005E0390 /* ContentView.swift in Sources */,
				9162ED3F27280E68005E0390 /* Monterey_AX_UITests_apiDisabledApp.swift in Sources */,
			);
			runOnlyForDeploymentPostprocessing = 0;
		};
		9162ED4827280E69005E0390 /* Sources */ = {
			isa = PBXSourcesBuildPhase;
			buildActionMask = 2147483647;
			files = (
				9162ED5127280E69005E0390 /* Monterey_AX_UITests_apiDisabledTests.swift in Sources */,
			);
			runOnlyForDeploymentPostprocessing = 0;
		};
		9162ED5227280E69005E0390 /* Sources */ = {
			isa = PBXSourcesBuildPhase;
			buildActionMask = 2147483647;
			files = (
				9162ED5B27280E69005E0390 /* Monterey_AX_UITests_apiDisabledUITests.swift in Sources */,
				9162ED5D27280E69005E0390 /* Monterey_AX_UITests_apiDisabledUITestsLaunchTests.swift in Sources */,
			);
			runOnlyForDeploymentPostprocessing = 0;
		};
/* End PBXSourcesBuildPhase section */

/* Begin PBXTargetDependency section */
		9162ED4E27280E69005E0390 /* PBXTargetDependency */ = {
			isa = PBXTargetDependency;
			target = 9162ED3A27280E68005E0390 /* Monterey-AX-UITests-apiDisabled */;
			targetProxy = 9162ED4D27280E69005E0390 /* PBXContainerItemProxy */;
		};
		9162ED5827280E69005E0390 /* PBXTargetDependency */ = {
			isa = PBXTargetDependency;
			target = 9162ED3A27280E68005E0390 /* Monterey-AX-UITests-apiDisabled */;
			targetProxy = 9162ED5727280E69005E0390 /* PBXContainerItemProxy */;
		};
/* End PBXTargetDependency section */

/* Begin XCBuildConfiguration section */
		9162ED5E27280E69005E0390 /* Debug */ = {
			isa = XCBuildConfiguration;
			buildSettings = {
				ALWAYS_SEARCH_USER_PATHS = NO;
				CLANG_ANALYZER_NONNULL = YES;
				CLANG_ANALYZER_NUMBER_OBJECT_CONVERSION = YES_AGGRESSIVE;
				CLANG_CXX_LANGUAGE_STANDARD = "gnu++17";
				CLANG_CXX_LIBRARY = "libc++";
				CLANG_ENABLE_MODULES = YES;
				CLANG_ENABLE_OBJC_ARC = YES;
				CLANG_ENABLE_OBJC_WEAK = YES;
				CLANG_WARN_BLOCK_CAPTURE_AUTORELEASING = YES;
				CLANG_WARN_BOOL_CONVERSION = YES;
				CLANG_WARN_COMMA = YES;
				CLANG_WARN_CONSTANT_CONVERSION = YES;
				CLANG_WARN_DEPRECATED_OBJC_IMPLEMENTATIONS = YES;
				CLANG_WARN_DIRECT_OBJC_ISA_USAGE = YES_ERROR;
				CLANG_WARN_DOCUMENTATION_COMMENTS = YES;
				CLANG_WARN_EMPTY_BODY = YES;
				CLANG_WARN_ENUM_CONVERSION = YES;
				CLANG_WARN_INFINITE_RECURSION = YES;
				CLANG_WARN_INT_CONVERSION = YES;
				CLANG_WARN_NON_LITERAL_NULL_CONVERSION = YES;
				CLANG_WARN_OBJC_IMPLICIT_RETAIN_SELF = YES;
				CLANG_WARN_OBJC_LITERAL_CONVERSION = YES;
				CLANG_WARN_OBJC_ROOT_CLASS = YES_ERROR;
				CLANG_WARN_QUOTED_INCLUDE_IN_FRAMEWORK_HEADER = YES;
				CLANG_WARN_RANGE_LOOP_ANALYSIS = YES;
				CLANG_WARN_STRICT_PROTOTYPES = YES;
				CLANG_WARN_SUSPICIOUS_MOVE = YES;
				CLANG_WARN_UNGUARDED_AVAILABILITY = YES_AGGRESSIVE;
				CLANG_WARN_UNREACHABLE_CODE = YES;
				CLANG_WARN__DUPLICATE_METHOD_MATCH = YES;
				COPY_PHASE_STRIP = NO;
				DEBUG_INFORMATION_FORMAT = dwarf;
				ENABLE_STRICT_OBJC_MSGSEND = YES;
				ENABLE_TESTABILITY = YES;
				GCC_C_LANGUAGE_STANDARD = gnu11;
				GCC_DYNAMIC_NO_PIC = NO;
				GCC_NO_COMMON_BLOCKS = YES;
				GCC_OPTIMIZATION_LEVEL = 0;
				GCC_PREPROCESSOR_DEFINITIONS = (
					"DEBUG=1",
					"$(inherited)",
				);
				GCC_WARN_64_TO_32_BIT_CONVERSION = YES;
				GCC_WARN_ABOUT_RETURN_TYPE = YES_ERROR;
				GCC_WARN_UNDECLARED_SELECTOR = YES;
				GCC_WARN_UNINITIALIZED_AUTOS = YES_AGGRESSIVE;
				GCC_WARN_UNUSED_FUNCTION = YES;
				GCC_WARN_UNUSED_VARIABLE = YES;
				MACOSX_DEPLOYMENT_TARGET = 11.3;
				MTL_ENABLE_DEBUG_INFO = INCLUDE_SOURCE;
				MTL_FAST_MATH = YES;
				ONLY_ACTIVE_ARCH = YES;
				SDKROOT = macosx;
				SWIFT_ACTIVE_COMPILATION_CONDITIONS = DEBUG;
				SWIFT_OPTIMIZATION_LEVEL = "-Onone";
			};
			name = Debug;
		};
		9162ED5F27280E69005E0390 /* Release */ = {
			isa = XCBuildConfiguration;
			buildSettings = {
				ALWAYS_SEARCH_USER_PATHS = NO;
				CLANG_ANALYZER_NONNULL = YES;
				CLANG_ANALYZER_NUMBER_OBJECT_CONVERSION = YES_AGGRESSIVE;
				CLANG_CXX_LANGUAGE_STANDARD = "gnu++17";
				CLANG_CXX_LIBRARY = "libc++";
				CLANG_ENABLE_MODULES = YES;
				CLANG_ENABLE_OBJC_ARC = YES;
				CLANG_ENABLE_OBJC_WEAK = YES;
				CLANG_WARN_BLOCK_CAPTURE_AUTORELEASING = YES;
				CLANG_WARN_BOOL_CONVERSION = YES;
				CLANG_WARN_COMMA = YES;
				CLANG_WARN_CONSTANT_CONVERSION = YES;
				CLANG_WARN_DEPRECATED_OBJC_IMPLEMENTATIONS = YES;
				CLANG_WARN_DIRECT_OBJC_ISA_USAGE = YES_ERROR;
				CLANG_WARN_DOCUMENTATION_COMMENTS = YES;
				CLANG_WARN_EMPTY_BODY = YES;
				CLANG_WARN_ENUM_CONVERSION = YES;
				CLANG_WARN_INFINITE_RECURSION = YES;
				CLANG_WARN_INT_CONVERSION = YES;
				CLANG_WARN_NON_LITERAL_NULL_CONVERSION = YES;
				CLANG_WARN_OBJC_IMPLICIT_RETAIN_SELF = YES;
				CLANG_WARN_OBJC_LITERAL_CONVERSION = YES;
				CLANG_WARN_OBJC_ROOT_CLASS = YES_ERROR;
				CLANG_WARN_QUOTED_INCLUDE_IN_FRAMEWORK_HEADER = YES;
				CLANG_WARN_RANGE_LOOP_ANALYSIS = YES;
				CLANG_WARN_STRICT_PROTOTYPES = YES;
				CLANG_WARN_SUSPICIOUS_MOVE = YES;
				CLANG_WARN_UNGUARDED_AVAILABILITY = YES_AGGRESSIVE;
				CLANG_WARN_UNREACHABLE_CODE = YES;
				CLANG_WARN__DUPLICATE_METHOD_MATCH = YES;
				COPY_PHASE_STRIP = NO;
				DEBUG_INFORMATION_FORMAT = "dwarf-with-dsym";
				ENABLE_NS_ASSERTIONS = NO;
				ENABLE_STRICT_OBJC_MSGSEND = YES;
				GCC_C_LANGUAGE_STANDARD = gnu11;
				GCC_NO_COMMON_BLOCKS = YES;
				GCC_WARN_64_TO_32_BIT_CONVERSION = YES;
				GCC_WARN_ABOUT_RETURN_TYPE = YES_ERROR;
				GCC_WARN_UNDECLARED_SELECTOR = YES;
				GCC_WARN_UNINITIALIZED_AUTOS = YES_AGGRESSIVE;
				GCC_WARN_UNUSED_FUNCTION = YES;
				GCC_WARN_UNUSED_VARIABLE = YES;
				MACOSX_DEPLOYMENT_TARGET = 11.3;
				MTL_ENABLE_DEBUG_INFO = NO;
				MTL_FAST_MATH = YES;
				SDKROOT = macosx;
				SWIFT_COMPILATION_MODE = wholemodule;
				SWIFT_OPTIMIZATION_LEVEL = "-O";
			};
			name = Release;
		};
		9162ED6127280E69005E0390 /* Debug */ = {
			isa = XCBuildConfiguration;
			buildSettings = {
				ASSETCATALOG_COMPILER_APPICON_NAME = AppIcon;
				ASSETCATALOG_COMPILER_GLOBAL_ACCENT_COLOR_NAME = AccentColor;
				CODE_SIGN_ENTITLEMENTS = "Monterey-AX-UITests-apiDisabled/Monterey_AX_UITests_apiDisabled.entitlements";
				CODE_SIGN_STYLE = Automatic;
				COMBINE_HIDPI_IMAGES = YES;
				CURRENT_PROJECT_VERSION = 1;
				DEVELOPMENT_ASSET_PATHS = "\"Monterey-AX-UITests-apiDisabled/Preview Content\"";
				DEVELOPMENT_TEAM = ZX49WKA8QN;
				ENABLE_HARDENED_RUNTIME = YES;
				ENABLE_PREVIEWS = YES;
				GENERATE_INFOPLIST_FILE = YES;
				INFOPLIST_KEY_NSHumanReadableCopyright = "";
				LD_RUNPATH_SEARCH_PATHS = (
					"$(inherited)",
					"@executable_path/../Frameworks",
				);
				MACOSX_DEPLOYMENT_TARGET = 11.0;
				MARKETING_VERSION = 1.0;
				PRODUCT_BUNDLE_IDENTIFIER = "mo.com.sleeplessmind.Monterey-AX-UITests-apiDisabled";
				PRODUCT_NAME = "$(TARGET_NAME)";
				SWIFT_EMIT_LOC_STRINGS = YES;
				SWIFT_VERSION = 5.0;
			};
			name = Debug;
		};
		9162ED6227280E69005E0390 /* Release */ = {
			isa = XCBuildConfiguration;
			buildSettings = {
				ASSETCATALOG_COMPILER_APPICON_NAME = AppIcon;
				ASSETCATALOG_COMPILER_GLOBAL_ACCENT_COLOR_NAME = AccentColor;
				CODE_SIGN_ENTITLEMENTS = "Monterey-AX-UITests-apiDisabled/Monterey_AX_UITests_apiDisabled.entitlements";
				CODE_SIGN_STYLE = Automatic;
				COMBINE_HIDPI_IMAGES = YES;
				CURRENT_PROJECT_VERSION = 1;
				DEVELOPMENT_ASSET_PATHS = "\"Monterey-AX-UITests-apiDisabled/Preview Content\"";
				DEVELOPMENT_TEAM = ZX49WKA8QN;
				ENABLE_HARDENED_RUNTIME = YES;
				ENABLE_PREVIEWS = YES;
				GENERATE_INFOPLIST_FILE = YES;
				INFOPLIST_KEY_NSHumanReadableCopyright = "";
				LD_RUNPATH_SEARCH_PATHS = (
					"$(inherited)",
					"@executable_path/../Frameworks",
				);
				MACOSX_DEPLOYMENT_TARGET = 11.0;
				MARKETING_VERSION = 1.0;
				PRODUCT_BUNDLE_IDENTIFIER = "mo.com.sleeplessmind.Monterey-AX-UITests-apiDisabled";
				PRODUCT_NAME = "$(TARGET_NAME)";
				SWIFT_EMIT_LOC_STRINGS = YES;
				SWIFT_VERSION = 5.0;
			};
			name = Release;
		};
		9162ED6427280E69005E0390 /* Debug */ = {
			isa = XCBuildConfiguration;
			buildSettings = {
				ALWAYS_EMBED_SWIFT_STANDARD_LIBRARIES = YES;
				BUNDLE_LOADER = "$(TEST_HOST)";
				CODE_SIGN_STYLE = Automatic;
				COMBINE_HIDPI_IMAGES = YES;
				CURRENT_PROJECT_VERSION = 1;
				DEVELOPMENT_TEAM = ZX49WKA8QN;
				GENERATE_INFOPLIST_FILE = YES;
				LD_RUNPATH_SEARCH_PATHS = (
					"$(inherited)",
					"@executable_path/../Frameworks",
					"@loader_path/../Frameworks",
				);
				MACOSX_DEPLOYMENT_TARGET = 11.0;
				MARKETING_VERSION = 1.0;
				PRODUCT_BUNDLE_IDENTIFIER = "mo.com.sleeplessmind.Monterey-AX-UITests-apiDisabledTests";
				PRODUCT_NAME = "$(TARGET_NAME)";
				SWIFT_EMIT_LOC_STRINGS = NO;
				SWIFT_VERSION = 5.0;
				TEST_HOST = "$(BUILT_PRODUCTS_DIR)/Monterey-AX-UITests-apiDisabled.app/Contents/MacOS/Monterey-AX-UITests-apiDisabled";
			};
			name = Debug;
		};
		9162ED6527280E69005E0390 /* Release */ = {
			isa = XCBuildConfiguration;
			buildSettings = {
				ALWAYS_EMBED_SWIFT_STANDARD_LIBRARIES = YES;
				BUNDLE_LOADER = "$(TEST_HOST)";
				CODE_SIGN_STYLE = Automatic;
				COMBINE_HIDPI_IMAGES = YES;
				CURRENT_PROJECT_VERSION = 1;
				DEVELOPMENT_TEAM = ZX49WKA8QN;
				GENERATE_INFOPLIST_FILE = YES;
				LD_RUNPATH_SEARCH_PATHS = (
					"$(inherited)",
					"@executable_path/../Frameworks",
					"@loader_path/../Frameworks",
				);
				MACOSX_DEPLOYMENT_TARGET = 11.0;
				MARKETING_VERSION = 1.0;
				PRODUCT_BUNDLE_IDENTIFIER = "mo.com.sleeplessmind.Monterey-AX-UITests-apiDisabledTests";
				PRODUCT_NAME = "$(TARGET_NAME)";
				SWIFT_EMIT_LOC_STRINGS = NO;
				SWIFT_VERSION = 5.0;
				TEST_HOST = "$(BUILT_PRODUCTS_DIR)/Monterey-AX-UITests-apiDisabled.app/Contents/MacOS/Monterey-AX-UITests-apiDisabled";
			};
			name = Release;
		};
		9162ED6727280E69005E0390 /* Debug */ = {
			isa = XCBuildConfiguration;
			buildSettings = {
				ALWAYS_EMBED_SWIFT_STANDARD_LIBRARIES = YES;
				CODE_SIGN_STYLE = Automatic;
				COMBINE_HIDPI_IMAGES = YES;
				CURRENT_PROJECT_VERSION = 1;
				DEVELOPMENT_TEAM = ZX49WKA8QN;
				GENERATE_INFOPLIST_FILE = YES;
				LD_RUNPATH_SEARCH_PATHS = (
					"$(inherited)",
					"@executable_path/../Frameworks",
					"@loader_path/../Frameworks",
				);
				MARKETING_VERSION = 1.0;
				PRODUCT_BUNDLE_IDENTIFIER = "mo.com.sleeplessmind.Monterey-AX-UITests-apiDisabledUITests";
				PRODUCT_NAME = "$(TARGET_NAME)";
				SWIFT_EMIT_LOC_STRINGS = NO;
				SWIFT_VERSION = 5.0;
				TEST_TARGET_NAME = "Monterey-AX-UITests-apiDisabled";
			};
			name = Debug;
		};
		9162ED6827280E69005E0390 /* Release */ = {
			isa = XCBuildConfiguration;
			buildSettings = {
				ALWAYS_EMBED_SWIFT_STANDARD_LIBRARIES = YES;
				CODE_SIGN_STYLE = Automatic;
				COMBINE_HIDPI_IMAGES = YES;
				CURRENT_PROJECT_VERSION = 1;
				DEVELOPMENT_TEAM = ZX49WKA8QN;
				GENERATE_INFOPLIST_FILE = YES;
				LD_RUNPATH_SEARCH_PATHS = (
					"$(inherited)",
					"@executable_path/../Frameworks",
					"@loader_path/../Frameworks",
				);
				MARKETING_VERSION = 1.0;
				PRODUCT_BUNDLE_IDENTIFIER = "mo.com.sleeplessmind.Monterey-AX-UITests-apiDisabledUITests";
				PRODUCT_NAME = "$(TARGET_NAME)";
				SWIFT_EMIT_LOC_STRINGS = NO;
				SWIFT_VERSION = 5.0;
				TEST_TARGET_NAME = "Monterey-AX-UITests-apiDisabled";
			};
			name = Release;
		};
/* End XCBuildConfiguration section */

/* Begin XCConfigurationList section */
		9162ED3627280E67005E0390 /* Build configuration list for PBXProject "Monterey-AX-UITests-apiDisabled" */ = {
			isa = XCConfigurationList;
			buildConfigurations = (
				9162ED5E27280E69005E0390 /* Debug */,
				9162ED5F27280E69005E0390 /* Release */,
			);
			defaultConfigurationIsVisible = 0;
			defaultConfigurationName = Release;
		};
		9162ED6027280E69005E0390 /* Build configuration list for PBXNativeTarget "Monterey-AX-UITests-apiDisabled" */ = {
			isa = XCConfigurationList;
			buildConfigurations = (
				9162ED6127280E69005E0390 /* Debug */,
				9162ED6227280E69005E0390 /* Release */,
			);
			defaultConfigurationIsVisible = 0;
			defaultConfigurationName = Release;
		};
		9162ED6327280E69005E0390 /* Build configuration list for PBXNativeTarget "Monterey-AX-UITests-apiDisabledTests" */ = {
			isa = XCConfigurationList;
			buildConfigurations = (
				9162ED6427280E69005E0390 /* Debug */,
				9162ED6527280E69005E0390 /* Release */,
			);
			defaultConfigurationIsVisible = 0;
			defaultConfigurationName = Release;
		};
		9162ED6627280E69005E0390 /* Build configuration list for PBXNativeTarget "Monterey-AX-UITests-apiDisabledUITests" */ = {
			isa = XCConfigurationList;
			buildConfigurations = (
				9162ED6727280E69005E0390 /* Debug */,
				9162ED6827280E69005E0390 /* Release */,
			);
			defaultConfigurationIsVisible = 0;
			defaultConfigurationName = Release;
		};
/* End XCConfigurationList section */
	};
	rootObject = 9162ED3327280E67005E0390 /* Project object */;
}
